version = 1
revision = 3
requires-python = ">=3.14"

[[package]]
name = "adafruit-blinka"
version = "8.68.1"
source = { registry = "https://pypi.org/simple" }
dependencies = [
    { name = "adafruit-circuitpython-typing" },
    { name = "adafruit-platformdetect" },
    { name = "adafruit-pureio" },
    { name = "binho-host-adapter" },
    { name = "pyftdi" },
    { name = "sysv-ipc", marker = "platform_machine != 'mips' and sys_platform == 'linux'" },
]
sdist = { url = "https://files.pythonhosted.org/packages/dd/15/e452ca7e9f8c25e42d97c32b5a548324d978397648c674b7f7f2ad1ea0ce/adafruit_blinka-8.68.1.tar.gz", hash = "sha256:81808f5b5a16cbb880bf3617907888d105877b479e84318859e011477b889b34", size = 923629, upload-time = "2025-12-18T23:01:15.671Z" }
wheels = [
    { url = "https://files.pythonhosted.org/packages/20/18/c63c058b747df9b47393f30d368c67dd433b1ea4e240715515981591c17f/adafruit_blinka-8.68.1-py3-none-any.whl", hash = "sha256:3f373706b2fde0d470152e3e04976af03fedceebea21451b7cbae4d5dd5c460d", size = 1055124, upload-time = "2025-12-18T23:01:13.846Z" },
]

[[package]]
name = "adafruit-circuitpython-busdevice"
version = "5.2.14"
source = { registry = "https://pypi.org/simple" }
dependencies = [
    { name = "adafruit-blinka" },
    { name = "adafruit-circuitpython-typing" },
]
sdist = { url = "https://files.pythonhosted.org/packages/99/70/2bb69cf3e79fc1bda7b111bcf9f90ff25ac705960eff6bd1375ffad754ff/adafruit_circuitpython_busdevice-5.2.14.tar.gz", hash = "sha256:377f4d9c6b7ac256a0c686fe3d88bb2d10873cec992ff7805c8719a474e92127", size = 24468, upload-time = "2025-10-20T20:37:13.497Z" }
wheels = [
    { url = "https://files.pythonhosted.org/packages/f6/50/3fe9da5d3a66a05130ee5db64b5451cd2973f7f5981f80a72ce349ea1bdc/adafruit_circuitpython_busdevice-5.2.14-py3-none-any.whl", hash = "sha256:e7d049a2dc6a3fc9245e154d66725efeb190a61e7d192fbc8f96f3b76fe1fc77", size = 7501, upload-time = "2025-10-20T20:37:12.675Z" },
]

[[package]]
name = "adafruit-circuitpython-connectionmanager"
version = "3.1.6"
source = { registry = "https://pypi.org/simple" }
dependencies = [
    { name = "adafruit-blinka" },
]
sdist = { url = "https://files.pythonhosted.org/packages/bc/82/69ca5ef604b0513a5f85a583d255b2d0c48042592842dfbc955b610cf3b6/adafruit_circuitpython_connectionmanager-3.1.6.tar.gz", hash = "sha256:daa41f7675533fbb451c0f522c894911dd003f67b26f0e7be832f2e240ba28b4", size = 33798, upload-time = "2025-10-20T20:38:47.369Z" }
wheels = [
    { url = "https://files.pythonhosted.org/packages/6e/9e/174bff10a4ff6f74973ee6da43e7b715b07e34426cf4e71d625a7f96e1e5/adafruit_circuitpython_connectionmanager-3.1.6-py3-none-any.whl", hash = "sha256:83c7eafa294fc6e889076d1ba8a7ff902e29d062977d3602078b1594868b7042", size = 7768, upload-time = "2025-10-20T20:38:45.959Z" },
]

[[package]]
name = "adafruit-circuitpython-neopixel"
version = "6.3.18"
source = { registry = "https://pypi.org/simple" }
dependencies = [
    { name = "adafruit-blinka" },
    { name = "adafruit-circuitpython-pixelbuf" },
]
sdist = { url = "https://files.pythonhosted.org/packages/68/bf/f7f914120f074ac495eaa1a0cd302398b1d3ce2e45f199baf9965e11ddc0/adafruit_circuitpython_neopixel-6.3.18.tar.gz", hash = "sha256:0f61b15ac96fbca4743e56e2f35c6c46da4935be9445261b2902597988fc0f22", size = 25293, upload-time = "2025-10-20T20:05:28.511Z" }
wheels = [
    { url = "https://files.pythonhosted.org/packages/6c/4c/f0d0478b31c19c4493f335093a5654d9f9bfd0d64e6b95aad606cbcbb574/adafruit_circuitpython_neopixel-6.3.18-py3-none-any.whl", hash = "sha256:243ad48dd4a567078caf97c54f6e775210567c125ed39e6eaa0898d79ccab4a6", size = 6523, upload-time = "2025-10-20T20:05:27.323Z" },
]

[[package]]
name = "adafruit-circuitpython-pixelbuf"
version = "2.0.10"
source = { registry = "https://pypi.org/simple" }
dependencies = [
    { name = "adafruit-blinka" },
]
sdist = { url = "https://files.pythonhosted.org/packages/87/1e/1662a9c023affdc2e8a3f5c47dc5c4288955d4741164747d5250202bca24/adafruit_circuitpython_pixelbuf-2.0.10.tar.gz", hash = "sha256:19b78183b5773fa4a81eb8fc1458b9feb8178884864abd7c6676db2765e26ed3", size = 24751, upload-time = "2025-10-20T20:47:22.825Z" }
wheels = [
    { url = "https://files.pythonhosted.org/packages/c9/21/dd68e21e08b7c361dc220f77732c1dbd2082773ceae00058915c06e4e707/adafruit_circuitpython_pixelbuf-2.0.10-py3-none-any.whl", hash = "sha256:16af5527ad8cbd8fe6cfe4e99893470c8980f2d75022e4cc67fc87b7cf0b29ff", size = 6991, upload-time = "2025-10-20T20:47:22.041Z" },
]

[[package]]
name = "adafruit-circuitpython-requests"
version = "4.1.15"
source = { registry = "https://pypi.org/simple" }
dependencies = [
    { name = "adafruit-blinka" },
    { name = "adafruit-circuitpython-connectionmanager" },
]
sdist = { url = "https://files.pythonhosted.org/packages/f5/ae/ec54c3e224a012d620997604fdd6abdbff1b945df3b4aef43d780fd1d5c3/adafruit_circuitpython_requests-4.1.15.tar.gz", hash = "sha256:409cb1c9304a0ce0a4b2f64d572400007849f6972f92a4b08ebfe35a532761e7", size = 67841, upload-time = "2025-11-03T21:32:59.201Z" }
wheels = [
    { url = "https://files.pythonhosted.org/packages/14/58/76a9805ff64d84a39463ac6eeb9c780becfc8ff58a93c5ace9244d56e442/adafruit_circuitpython_requests-4.1.15-py3-none-any.whl", hash = "sha256:62c6e44d23e8dfdc24f1f33464953019a9d88853b29fa471ac00200d4fa3e8ff", size = 10882, upload-time = "2025-11-03T21:32:57.915Z" },
]

[[package]]
name = "adafruit-circuitpython-typing"
version = "1.12.3"
source = { registry = "https://pypi.org/simple" }
dependencies = [
    { name = "adafruit-blinka" },
    { name = "adafruit-circuitpython-busdevice" },
    { name = "adafruit-circuitpython-requests" },
    { name = "typing-extensions" },
]
sdist = { url = "https://files.pythonhosted.org/packages/65/a2/40a3440aed2375371507af668570b68523ee01db9c25c47ce5a05883170e/adafruit_circuitpython_typing-1.12.3.tar.gz", hash = "sha256:63f196f834e47842bcd4cf8c37aaa0c61e1aeb5d07f056c875fc3016cda91a12", size = 25603, upload-time = "2025-10-27T18:17:38.56Z" }
wheels = [
    { url = "https://files.pythonhosted.org/packages/cc/a1/578a03ba2bce0809b4e30974b47958963c9efe67b9fe74e7dbcdbbd45318/adafruit_circuitpython_typing-1.12.3-py3-none-any.whl", hash = "sha256:f6d0a02150e1e4efb5a2c2945b88d948809fdb465875f39947108b8467c986d9", size = 11014, upload-time = "2025-10-27T18:17:37.771Z" },
]

[[package]]
name = "adafruit-platformdetect"
version = "3.85.0"
source = { registry = "https://pypi.org/simple" }
sdist = { url = "https://files.pythonhosted.org/packages/8a/b5/c454d998188ea45898ada67dd302da4f138b7fc41f9c31f7aaf8b7a28cf7/adafruit_platformdetect-3.85.0.tar.gz", hash = "sha256:58350aa93dd166c4b67ba3c947b07a2d7320d14e65b92e5873fdf64d03e3f93d", size = 49223, upload-time = "2025-11-20T21:18:19.961Z" }
wheels = [
    { url = "https://files.pythonhosted.org/packages/10/f2/f6e18704dad5a90f8c67cbe8c9436348a58916de3d640237908963316171/adafruit_platformdetect-3.85.0-py3-none-any.whl", hash = "sha256:eebf86b15a7f7a5dfdb811ee0f124a0e3bb0af900f0a900728ed7dedffe1af5d", size = 26669, upload-time = "2025-11-20T21:18:18.877Z" },
]

[[package]]
name = "adafruit-pureio"
version = "1.1.11"
source = { registry = "https://pypi.org/simple" }
sdist = { url = "https://files.pythonhosted.org/packages/e5/b7/f1672435116822079bbdab42163f9e6424769b7db778873d95d18c085230/Adafruit_PureIO-1.1.11.tar.gz", hash = "sha256:c4cfbb365731942d1f1092a116f47dfdae0aef18c5b27f1072b5824ad5ea8c7c", size = 35511, upload-time = "2023-05-25T19:01:34.654Z" }
wheels = [
    { url = "https://files.pythonhosted.org/packages/19/9d/28e9d12f36e13c5f2acba3098187b0e931290ecd1d8df924391b5ad2db19/Adafruit_PureIO-1.1.11-py3-none-any.whl", hash = "sha256:281ab2099372cc0decc26326918996cbf21b8eed694ec4764d51eefa029d324e", size = 10678, upload-time = "2023-05-25T19:01:32.397Z" },
]

[[package]]
name = "appdirs"
version = "1.4.4"
source = { registry = "https://pypi.org/simple" }
sdist = { url = "https://files.pythonhosted.org/packages/d7/d8/05696357e0311f5b5c316d7b95f46c669dd9c15aaeecbb48c7d0aeb88c40/appdirs-1.4.4.tar.gz", hash = "sha256:7d5d0167b2b1ba821647616af46a749d1c653740dd0d2415100fe26e27afdf41", size = 13470, upload-time = "2020-05-11T07:59:51.037Z" }
wheels = [
    { url = "https://files.pythonhosted.org/packages/3b/00/2344469e2084fb287c2e0b57b72910309874c3245463acd6cf5e3db69324/appdirs-1.4.4-py2.py3-none-any.whl", hash = "sha256:a841dacd6b99318a741b166adb07e19ee71a274450e68237b4650ca1055ab128", size = 9566, upload-time = "2020-05-11T07:59:49.499Z" },
]

[[package]]
name = "binho-host-adapter"
version = "0.1.6"
source = { registry = "https://pypi.org/simple" }
dependencies = [
    { name = "pyserial" },
]
sdist = { url = "https://files.pythonhosted.org/packages/68/36/29b7b896e83e195fac6d64ccff95c0f24a18ee86e7437a22e60e0331d90a/binho-host-adapter-0.1.6.tar.gz", hash = "sha256:1e6da7a84e208c13b5f489066f05774bff1d593d0f5bf1ca149c2b8e83eae856", size = 10068, upload-time = "2020-06-04T19:38:11.789Z" }
wheels = [
    { url = "https://files.pythonhosted.org/packages/7b/6b/0f13486003aea3eb349c2946b7ec9753e7558b78e35d22c938062a96959c/binho_host_adapter-0.1.6-py3-none-any.whl", hash = "sha256:f71ca176c1e2fc1a5dce128beb286da217555c6c7c805f2ed282a6f3507ec277", size = 10540, upload-time = "2020-06-04T19:38:10.612Z" },
]

[[package]]
name = "certifi"
version = "2025.11.12"
source = { registry = "https://pypi.org/simple" }
sdist = { url = "https://files.pythonhosted.org/packages/a2/8c/58f469717fa48465e4a50c014a0400602d3c437d7c0c468e17ada824da3a/certifi-2025.11.12.tar.gz", hash = "sha256:d8ab5478f2ecd78af242878415affce761ca6bc54a22a27e026d7c25357c3316", size = 160538, upload-time = "2025-11-12T02:54:51.517Z" }
wheels = [
    { url = "https://files.pythonhosted.org/packages/70/7d/9bc192684cea499815ff478dfcdc13835ddf401365057044fb721ec6bddb/certifi-2025.11.12-py3-none-any.whl", hash = "sha256:97de8790030bbd5c2d96b7ec782fc2f7820ef8dba6db909ccf95449f2d062d4b", size = 159438, upload-time = "2025-11-12T02:54:49.735Z" },
]

[[package]]
name = "charset-normalizer"
version = "3.4.4"
source = { registry = "https://pypi.org/simple" }
sdist = { url = "https://files.pythonhosted.org/packages/13/69/33ddede1939fdd074bce5434295f38fae7136463422fe4fd3e0e89b98062/charset_normalizer-3.4.4.tar.gz", hash = "sha256:94537985111c35f28720e43603b8e7b43a6ecfb2ce1d3058bbe955b73404e21a", size = 129418, upload-time = "2025-10-14T04:42:32.879Z" }
wheels = [
    { url = "https://files.pythonhosted.org/packages/2a/35/7051599bd493e62411d6ede36fd5af83a38f37c4767b92884df7301db25d/charset_normalizer-3.4.4-cp314-cp314-macosx_10_13_universal2.whl", hash = "sha256:da3326d9e65ef63a817ecbcc0df6e94463713b754fe293eaa03da99befb9a5bd", size = 207746, upload-time = "2025-10-14T04:41:33.773Z" },
    { url = "https://files.pythonhosted.org/packages/10/9a/97c8d48ef10d6cd4fcead2415523221624bf58bcf68a802721a6bc807c8f/charset_normalizer-3.4.4-cp314-cp314-manylinux2014_aarch64.manylinux_2_17_aarch64.manylinux_2_28_aarch64.whl", hash = "sha256:8af65f14dc14a79b924524b1e7fffe304517b2bff5a58bf64f30b98bbc5079eb", size = 147889, upload-time = "2025-10-14T04:41:34.897Z" },
    { url = "https://files.pythonhosted.org/packages/10/bf/979224a919a1b606c82bd2c5fa49b5c6d5727aa47b4312bb27b1734f53cd/charset_normalizer-3.4.4-cp314-cp314-manylinux2014_armv7l.manylinux_2_17_armv7l.manylinux_2_31_armv7l.whl", hash = "sha256:74664978bb272435107de04e36db5a9735e78232b85b77d45cfb38f758efd33e", size = 143641, upload-time = "2025-10-14T04:41:36.116Z" },
    { url = "https://files.pythonhosted.org/packages/ba/33/0ad65587441fc730dc7bd90e9716b30b4702dc7b617e6ba4997dc8651495/charset_normalizer-3.4.4-cp314-cp314-manylinux2014_ppc64le.manylinux_2_17_ppc64le.manylinux_2_28_ppc64le.whl", hash = "sha256:752944c7ffbfdd10c074dc58ec2d5a8a4cd9493b314d367c14d24c17684ddd14", size = 160779, upload-time = "2025-10-14T04:41:37.229Z" },
    { url = "https://files.pythonhosted.org/packages/67/ed/331d6b249259ee71ddea93f6f2f0a56cfebd46938bde6fcc6f7b9a3d0e09/charset_normalizer-3.4.4-cp314-cp314-manylinux2014_s390x.manylinux_2_17_s390x.manylinux_2_28_s390x.whl", hash = "sha256:d1f13550535ad8cff21b8d757a3257963e951d96e20ec82ab44bc64aeb62a191", size = 159035, upload-time = "2025-10-14T04:41:38.368Z" },
    { url = "https://files.pythonhosted.org/packages/67/ff/f6b948ca32e4f2a4576aa129d8bed61f2e0543bf9f5f2b7fc3758ed005c9/charset_normalizer-3.4.4-cp314-cp314-manylinux2014_x86_64.manylinux_2_17_x86_64.manylinux_2_28_x86_64.whl", hash = "sha256:ecaae4149d99b1c9e7b88bb03e3221956f68fd6d50be2ef061b2381b61d20838", size = 152542, upload-time = "2025-10-14T04:41:39.862Z" },
    { url = "https://files.pythonhosted.org/packages/16/85/276033dcbcc369eb176594de22728541a925b2632f9716428c851b149e83/charset_normalizer-3.4.4-cp314-cp314-manylinux_2_31_riscv64.manylinux_2_39_riscv64.whl", hash = "sha256:cb6254dc36b47a990e59e1068afacdcd02958bdcce30bb50cc1700a8b9d624a6", size = 149524, upload-time = "2025-10-14T04:41:41.319Z" },
    { url = "https://files.pythonhosted.org/packages/9e/f2/6a2a1f722b6aba37050e626530a46a68f74e63683947a8acff92569f979a/charset_normalizer-3.4.4-cp314-cp314-musllinux_1_2_aarch64.whl", hash = "sha256:c8ae8a0f02f57a6e61203a31428fa1d677cbe50c93622b4149d5c0f319c1d19e", size = 150395, upload-time = "2025-10-14T04:41:42.539Z" },
    { url = "https://files.pythonhosted.org/packages/60/bb/2186cb2f2bbaea6338cad15ce23a67f9b0672929744381e28b0592676824/charset_normalizer-3.4.4-cp314-cp314-musllinux_1_2_armv7l.whl", hash = "sha256:47cc91b2f4dd2833fddaedd2893006b0106129d4b94fdb6af1f4ce5a9965577c", size = 143680, upload-time = "2025-10-14T04:41:43.661Z" },
    { url = "https://files.pythonhosted.org/packages/7d/a5/bf6f13b772fbb2a90360eb620d52ed8f796f3c5caee8398c3b2eb7b1c60d/charset_normalizer-3.4.4-cp314-cp314-musllinux_1_2_ppc64le.whl", hash = "sha256:82004af6c302b5d3ab2cfc4cc5f29db16123b1a8417f2e25f9066f91d4411090", size = 162045, upload-time = "2025-10-14T04:41:44.821Z" },
    { url = "https://files.pythonhosted.org/packages/df/c5/d1be898bf0dc3ef9030c3825e5d3b83f2c528d207d246cbabe245966808d/charset_normalizer-3.4.4-cp314-cp314-musllinux_1_2_riscv64.whl", hash = "sha256:2b7d8f6c26245217bd2ad053761201e9f9680f8ce52f0fcd8d0755aeae5b2152", size = 149687, upload-time = "2025-10-14T04:41:46.442Z" },
    { url = "https://files.pythonhosted.org/packages/a5/42/90c1f7b9341eef50c8a1cb3f098ac43b0508413f33affd762855f67a410e/charset_normalizer-3.4.4-cp314-cp314-musllinux_1_2_s390x.whl", hash = "sha256:799a7a5e4fb2d5898c60b640fd4981d6a25f1c11790935a44ce38c54e985f828", size = 160014, upload-time = "2025-10-14T04:41:47.631Z" },
    { url = "https://files.pythonhosted.org/packages/76/be/4d3ee471e8145d12795ab655ece37baed0929462a86e72372fd25859047c/charset_normalizer-3.4.4-cp314-cp314-musllinux_1_2_x86_64.whl", hash = "sha256:99ae2cffebb06e6c22bdc25801d7b30f503cc87dbd283479e7b606f70aff57ec", size = 154044, upload-time = "2025-10-14T04:41:48.81Z" },
    { url = "https://files.pythonhosted.org/packages/b0/6f/8f7af07237c34a1defe7defc565a9bc1807762f672c0fde711a4b22bf9c0/charset_normalizer-3.4.4-cp314-cp314-win32.whl", hash = "sha256:f9d332f8c2a2fcbffe1378594431458ddbef721c1769d78e2cbc06280d8155f9", size = 99940, upload-time = "2025-10-14T04:41:49.946Z" },
    { url = "https://files.pythonhosted.org/packages/4b/51/8ade005e5ca5b0d80fb4aff72a3775b325bdc3d27408c8113811a7cbe640/charset_normalizer-3.4.4-cp314-cp314-win_amd64.whl", hash = "sha256:8a6562c3700cce886c5be75ade4a5db4214fda19fede41d9792d100288d8f94c", size = 107104, upload-time = "2025-10-14T04:41:51.051Z" },
    { url = "https://files.pythonhosted.org/packages/da/5f/6b8f83a55bb8278772c5ae54a577f3099025f9ade59d0136ac24a0df4bde/charset_normalizer-3.4.4-cp314-cp314-win_arm64.whl", hash = "sha256:de00632ca48df9daf77a2c65a484531649261ec9f25489917f09e455cb09ddb2", size = 100743, upload-time = "2025-10-14T04:41:52.122Z" },
    { url = "https://files.pythonhosted.org/packages/0a/4c/925909008ed5a988ccbb72dcc897407e5d6d3bd72410d69e051fc0c14647/charset_normalizer-3.4.4-py3-none-any.whl", hash = "sha256:7a32c560861a02ff789ad905a2fe94e3f840803362c84fecf1851cb4cf3dc37f", size = 53402, upload-time = "2025-10-14T04:42:31.76Z" },
]

[[package]]
name = "circuitpy-leds"
version = "0.1.0"
source = { editable = "." }
dependencies = [
    { name = "adafruit-circuitpython-neopixel" },
    { name = "paho-mqtt" },
    { name = "spidev" },
]

[package.dev-dependencies]
dev = [
    { name = "circup" },
    { name = "mock" },
    { name = "pytest" },
    { name = "pytest-cover" },
    { name = "setuptools" },
]

[package.metadata]
requires-dist = [
    { name = "adafruit-circuitpython-neopixel", specifier = ">=6.3.18" },
    { name = "paho-mqtt", specifier = ">=2.1.0" },
    { name = "spidev", specifier = ">=3.8" },
]

[package.metadata.requires-dev]
dev = [
    { name = "circup", specifier = ">=2.3.0" },
    { name = "mock", specifier = ">=5.2.0" },
    { name = "pytest", specifier = ">=8.4.2" },
    { name = "pytest-cover", specifier = ">=3.0.0" },
    { name = "setuptools", specifier = ">=80.9.0" },
]

[[package]]
name = "circup"
version = "2.3.0"
source = { registry = "https://pypi.org/simple" }
dependencies = [
    { name = "appdirs" },
    { name = "click" },
    { name = "requests" },
    { name = "semver" },
    { name = "toml" },
    { name = "update-checker" },
]
sdist = { url = "https://files.pythonhosted.org/packages/b8/1c/9f9ae44db96e5dd75bc4f95be96c99e560085d73274e805ef2bdc8231431/circup-2.3.0.tar.gz", hash = "sha256:ce5117d6353d3b3055793738b35735955d1f535566eb90a8e0f9138814b18284", size = 122943, upload-time = "2025-11-06T15:16:11.352Z" }
wheels = [
    { url = "https://files.pythonhosted.org/packages/b1/fe/160cf005ca5dbcb0454bbffe3f6dcb5744f902bdffd4317e86dfee2f4724/circup-2.3.0-py3-none-any.whl", hash = "sha256:93226d034f262bcd7ffdc5e700036ddfa853be3241fd70e4e1943bafcca98d53", size = 49016, upload-time = "2025-11-06T15:16:09.658Z" },
]

[[package]]
name = "click"
version = "8.3.1"
source = { registry = "https://pypi.org/simple" }
dependencies = [
    { name = "colorama", marker = "sys_platform == 'win32'" },
]
sdist = { url = "https://files.pythonhosted.org/packages/3d/fa/656b739db8587d7b5dfa22e22ed02566950fbfbcdc20311993483657a5c0/click-8.3.1.tar.gz", hash = "sha256:12ff4785d337a1bb490bb7e9c2b1ee5da3112e94a8622f26a6c77f5d2fc6842a", size = 295065, upload-time = "2025-11-15T20:45:42.706Z" }
wheels = [
    { url = "https://files.pythonhosted.org/packages/98/78/01c019cdb5d6498122777c1a43056ebb3ebfeef2076d9d026bfe15583b2b/click-8.3.1-py3-none-any.whl", hash = "sha256:981153a64e25f12d547d3426c367a4857371575ee7ad18df2a6183ab0545b2a6", size = 108274, upload-time = "2025-11-15T20:45:41.139Z" },
]

[[package]]
name = "colorama"
version = "0.4.6"
source = { registry = "https://pypi.org/simple" }
sdist = { url = "https://files.pythonhosted.org/packages/d8/53/6f443c9a4a8358a93a6792e2acffb9d9d5cb0a5cfd8802644b7b1c9a02e4/colorama-0.4.6.tar.gz", hash = "sha256:08695f5cb7ed6e0531a20572697297273c47b8cae5a63ffc6d6ed5c201be6e44", size = 27697, upload-time = "2022-10-25T02:36:22.414Z" }
wheels = [
    { url = "https://files.pythonhosted.org/packages/d1/d6/3965ed04c63042e047cb6a3e6ed1a63a35087b6a609aa3a15ed8ac56c221/colorama-0.4.6-py2.py3-none-any.whl", hash = "sha256:4f1d9991f5acc0ca119f9d443620b77f9d6b33703e51011c16baf57afb285fc6", size = 25335, upload-time = "2022-10-25T02:36:20.889Z" },
]

[[package]]
name = "coverage"
version = "7.13.0"
source = { registry = "https://pypi.org/simple" }
sdist = { url = "https://files.pythonhosted.org/packages/b6/45/2c665ca77ec32ad67e25c77daf1cee28ee4558f3bc571cdbaf88a00b9f23/coverage-7.13.0.tar.gz", hash = "sha256:a394aa27f2d7ff9bc04cf703817773a59ad6dfbd577032e690f961d2460ee936", size = 820905, upload-time = "2025-12-08T13:14:38.055Z" }
wheels = [
    { url = "https://files.pythonhosted.org/packages/f8/4b/9b54bedda55421449811dcd5263a2798a63f48896c24dfb92b0f1b0845bd/coverage-7.13.0-cp314-cp314-macosx_10_15_x86_64.whl", hash = "sha256:453b7ec753cf5e4356e14fe858064e5520c460d3bbbcb9c35e55c0d21155c256", size = 218343, upload-time = "2025-12-08T13:13:50.811Z" },
    { url = "https://files.pythonhosted.org/packages/59/df/c3a1f34d4bba2e592c8979f924da4d3d4598b0df2392fbddb7761258e3dc/coverage-7.13.0-cp314-cp314-macosx_11_0_arm64.whl", hash = "sha256:af827b7cbb303e1befa6c4f94fd2bf72f108089cfa0f8abab8f4ca553cf5ca5a", size = 218672, upload-time = "2025-12-08T13:13:52.284Z" },
    { url = "https://files.pythonhosted.org/packages/07/62/eec0659e47857698645ff4e6ad02e30186eb8afd65214fd43f02a76537cb/coverage-7.13.0-cp314-cp314-manylinux1_i686.manylinux_2_28_i686.manylinux_2_5_i686.whl", hash = "sha256:9987a9e4f8197a1000280f7cc089e3ea2c8b3c0a64d750537809879a7b4ceaf9", size = 249715, upload-time = "2025-12-08T13:13:53.791Z" },
    { url = "https://files.pythonhosted.org/packages/23/2d/3c7ff8b2e0e634c1f58d095f071f52ed3c23ff25be524b0ccae8b71f99f8/coverage-7.13.0-cp314-cp314-manylinux1_x86_64.manylinux_2_28_x86_64.manylinux_2_5_x86_64.whl", hash = "sha256:3188936845cd0cb114fa6a51842a304cdbac2958145d03be2377ec41eb285d19", size = 252225, upload-time = "2025-12-08T13:13:55.274Z" },
    { url = "https://files.pythonhosted.org/packages/aa/ac/fb03b469d20e9c9a81093575003f959cf91a4a517b783aab090e4538764b/coverage-7.13.0-cp314-cp314-manylinux2014_aarch64.manylinux_2_17_aarch64.manylinux_2_28_aarch64.whl", hash = "sha256:a2bdb3babb74079f021696cb46b8bb5f5661165c385d3a238712b031a12355be", size = 253559, upload-time = "2025-12-08T13:13:57.161Z" },
    { url = "https://files.pythonhosted.org/packages/29/62/14afa9e792383c66cc0a3b872a06ded6e4ed1079c7d35de274f11d27064e/coverage-7.13.0-cp314-cp314-manylinux_2_31_riscv64.manylinux_2_39_riscv64.whl", hash = "sha256:7464663eaca6adba4175f6c19354feea61ebbdd735563a03d1e472c7072d27bb", size = 249724, upload-time = "2025-12-08T13:13:58.692Z" },
    { url = "https://files.pythonhosted.org/packages/31/b7/333f3dab2939070613696ab3ee91738950f0467778c6e5a5052e840646b7/coverage-7.13.0-cp314-cp314-musllinux_1_2_aarch64.whl", hash = "sha256:8069e831f205d2ff1f3d355e82f511eb7c5522d7d413f5db5756b772ec8697f8", size = 251582, upload-time = "2025-12-08T13:14:00.642Z" },
    { url = "https://files.pythonhosted.org/packages/81/cb/69162bda9381f39b2287265d7e29ee770f7c27c19f470164350a38318764/coverage-7.13.0-cp314-cp314-musllinux_1_2_i686.whl", hash = "sha256:6fb2d5d272341565f08e962cce14cdf843a08ac43bd621783527adb06b089c4b", size = 249538, upload-time = "2025-12-08T13:14:02.556Z" },
    { url = "https://files.pythonhosted.org/packages/e0/76/350387b56a30f4970abe32b90b2a434f87d29f8b7d4ae40d2e8a85aacfb3/coverage-7.13.0-cp314-cp314-musllinux_1_2_riscv64.whl", hash = "sha256:5e70f92ef89bac1ac8a99b3324923b4749f008fdbd7aa9cb35e01d7a284a04f9", size = 249349, upload-time = "2025-12-08T13:14:04.015Z" },
    { url = "https://files.pythonhosted.org/packages/86/0d/7f6c42b8d59f4c7e43ea3059f573c0dcfed98ba46eb43c68c69e52ae095c/coverage-7.13.0-cp314-cp314-musllinux_1_2_x86_64.whl", hash = "sha256:4b5de7d4583e60d5fd246dd57fcd3a8aa23c6e118a8c72b38adf666ba8e7e927", size = 251011, upload-time = "2025-12-08T13:14:05.505Z" },
    { url = "https://files.pythonhosted.org/packages/d7/f1/4bb2dff379721bb0b5c649d5c5eaf438462cad824acf32eb1b7ca0c7078e/coverage-7.13.0-cp314-cp314-win32.whl", hash = "sha256:a6c6e16b663be828a8f0b6c5027d36471d4a9f90d28444aa4ced4d48d7d6ae8f", size = 221091, upload-time = "2025-12-08T13:14:07.127Z" },
    { url = "https://files.pythonhosted.org/packages/ba/44/c239da52f373ce379c194b0ee3bcc121020e397242b85f99e0afc8615066/coverage-7.13.0-cp314-cp314-win_amd64.whl", hash = "sha256:0900872f2fdb3ee5646b557918d02279dc3af3dfb39029ac4e945458b13f73bc", size = 221904, upload-time = "2025-12-08T13:14:08.542Z" },
    { url = "https://files.pythonhosted.org/packages/89/1f/b9f04016d2a29c2e4a0307baefefad1a4ec5724946a2b3e482690486cade/coverage-7.13.0-cp314-cp314-win_arm64.whl", hash = "sha256:3a10260e6a152e5f03f26db4a407c4c62d3830b9af9b7c0450b183615f05d43b", size = 220480, upload-time = "2025-12-08T13:14:10.958Z" },
    { url = "https://files.pythonhosted.org/packages/16/d4/364a1439766c8e8647860584171c36010ca3226e6e45b1753b1b249c5161/coverage-7.13.0-cp314-cp314t-macosx_10_15_x86_64.whl", hash = "sha256:9097818b6cc1cfb5f174e3263eba4a62a17683bcfe5c4b5d07f4c97fa51fbf28", size = 219074, upload-time = "2025-12-08T13:14:13.345Z" },
    { url = "https://files.pythonhosted.org/packages/ce/f4/71ba8be63351e099911051b2089662c03d5671437a0ec2171823c8e03bec/coverage-7.13.0-cp314-cp314t-macosx_11_0_arm64.whl", hash = "sha256:0018f73dfb4301a89292c73be6ba5f58722ff79f51593352759c1790ded1cabe", size = 219342, upload-time = "2025-12-08T13:14:15.02Z" },
    { url = "https://files.pythonhosted.org/packages/5e/25/127d8ed03d7711a387d96f132589057213e3aef7475afdaa303412463f22/coverage-7.13.0-cp314-cp314t-manylinux1_i686.manylinux_2_28_i686.manylinux_2_5_i686.whl", hash = "sha256:166ad2a22ee770f5656e1257703139d3533b4a0b6909af67c6b4a3adc1c98657", size = 260713, upload-time = "2025-12-08T13:14:16.907Z" },
    { url = "https://files.pythonhosted.org/packages/fd/db/559fbb6def07d25b2243663b46ba9eb5a3c6586c0c6f4e62980a68f0ee1c/coverage-7.13.0-cp314-cp314t-manylinux1_x86_64.manylinux_2_28_x86_64.manylinux_2_5_x86_64.whl", hash = "sha256:f6aaef16d65d1787280943f1c8718dc32e9cf141014e4634d64446702d26e0ff", size = 262825, upload-time = "2025-12-08T13:14:18.68Z" },
    { url = "https://files.pythonhosted.org/packages/37/99/6ee5bf7eff884766edb43bd8736b5e1c5144d0fe47498c3779326fe75a35/coverage-7.13.0-cp314-cp314t-manylinux2014_aarch64.manylinux_2_17_aarch64.manylinux_2_28_aarch64.whl", hash = "sha256:e999e2dcc094002d6e2c7bbc1fb85b58ba4f465a760a8014d97619330cdbbbf3", size = 265233, upload-time = "2025-12-08T13:14:20.55Z" },
    { url = "https://files.pythonhosted.org/packages/d8/90/92f18fe0356ea69e1f98f688ed80cec39f44e9f09a1f26a1bbf017cc67f2/coverage-7.13.0-cp314-cp314t-manylinux_2_31_riscv64.manylinux_2_39_riscv64.whl", hash = "sha256:00c3d22cf6fb1cf3bf662aaaa4e563be8243a5ed2630339069799835a9cc7f9b", size = 259779, upload-time = "2025-12-08T13:14:22.367Z" },
    { url = "https://files.pythonhosted.org/packages/90/5d/b312a8b45b37a42ea7d27d7d3ff98ade3a6c892dd48d1d503e773503373f/coverage-7.13.0-cp314-cp314t-musllinux_1_2_aarch64.whl", hash = "sha256:22ccfe8d9bb0d6134892cbe1262493a8c70d736b9df930f3f3afae0fe3ac924d", size = 262700, upload-time = "2025-12-08T13:14:24.309Z" },
    { url = "https://files.pythonhosted.org/packages/63/f8/b1d0de5c39351eb71c366f872376d09386640840a2e09b0d03973d791e20/coverage-7.13.0-cp314-cp314t-musllinux_1_2_i686.whl", hash = "sha256:9372dff5ea15930fea0445eaf37bbbafbc771a49e70c0aeed8b4e2c2614cc00e", size = 260302, upload-time = "2025-12-08T13:14:26.068Z" },
    { url = "https://files.pythonhosted.org/packages/aa/7c/d42f4435bc40c55558b3109a39e2d456cddcec37434f62a1f1230991667a/coverage-7.13.0-cp314-cp314t-musllinux_1_2_riscv64.whl", hash = "sha256:69ac2c492918c2461bc6ace42d0479638e60719f2a4ef3f0815fa2df88e9f940", size = 259136, upload-time = "2025-12-08T13:14:27.604Z" },
    { url = "https://files.pythonhosted.org/packages/b8/d3/23413241dc04d47cfe19b9a65b32a2edd67ecd0b817400c2843ebc58c847/coverage-7.13.0-cp314-cp314t-musllinux_1_2_x86_64.whl", hash = "sha256:739c6c051a7540608d097b8e13c76cfa85263ced467168dc6b477bae3df7d0e2", size = 261467, upload-time = "2025-12-08T13:14:29.09Z" },
    { url = "https://files.pythonhosted.org/packages/13/e6/6e063174500eee216b96272c0d1847bf215926786f85c2bd024cf4d02d2f/coverage-7.13.0-cp314-cp314t-win32.whl", hash = "sha256:fe81055d8c6c9de76d60c94ddea73c290b416e061d40d542b24a5871bad498b7", size = 221875, upload-time = "2025-12-08T13:14:31.106Z" },
    { url = "https://files.pythonhosted.org/packages/3b/46/f4fb293e4cbe3620e3ac2a3e8fd566ed33affb5861a9b20e3dd6c1896cbc/coverage-7.13.0-cp314-cp314t-win_amd64.whl", hash = "sha256:445badb539005283825959ac9fa4a28f712c214b65af3a2c464f1adc90f5fcbc", size = 222982, upload-time = "2025-12-08T13:14:33.1Z" },
    { url = "https://files.pythonhosted.org/packages/68/62/5b3b9018215ed9733fbd1ae3b2ed75c5de62c3b55377a52cae732e1b7805/coverage-7.13.0-cp314-cp314t-win_arm64.whl", hash = "sha256:de7f6748b890708578fc4b7bb967d810aeb6fcc9bff4bb77dbca77dab2f9df6a", size = 221016, upload-time = "2025-12-08T13:14:34.601Z" },
    { url = "https://files.pythonhosted.org/packages/8d/4c/1968f32fb9a2604645827e11ff84a31e59d532e01995f904723b4f5328b3/coverage-7.13.0-py3-none-any.whl", hash = "sha256:850d2998f380b1e266459ca5b47bc9e7daf9af1d070f66317972f382d46f1904", size = 210068, upload-time = "2025-12-08T13:14:36.236Z" },
]

[[package]]
name = "idna"
version = "3.11"
source = { registry = "https://pypi.org/simple" }
sdist = { url = "https://files.pythonhosted.org/packages/6f/6d/0703ccc57f3a7233505399edb88de3cbd678da106337b9fcde432b65ed60/idna-3.11.tar.gz", hash = "sha256:795dafcc9c04ed0c1fb032c2aa73654d8e8c5023a7df64a53f39190ada629902", size = 194582, upload-time = "2025-10-12T14:55:20.501Z" }
wheels = [
    { url = "https://files.pythonhosted.org/packages/0e/61/66938bbb5fc52dbdf84594873d5b51fb1f7c7794e9c0f5bd885f30bc507b/idna-3.11-py3-none-any.whl", hash = "sha256:771a87f49d9defaf64091e6e6fe9c18d4833f140bd19464795bc32d966ca37ea", size = 71008, upload-time = "2025-10-12T14:55:18.883Z" },
]

[[package]]
name = "iniconfig"
version = "2.3.0"
source = { registry = "https://pypi.org/simple" }
sdist = { url = "https://files.pythonhosted.org/packages/72/34/14ca021ce8e5dfedc35312d08ba8bf51fdd999c576889fc2c24cb97f4f10/iniconfig-2.3.0.tar.gz", hash = "sha256:c76315c77db068650d49c5b56314774a7804df16fee4402c1f19d6d15d8c4730", size = 20503, upload-time = "2025-10-18T21:55:43.219Z" }
wheels = [
    { url = "https://files.pythonhosted.org/packages/cb/b1/3846dd7f199d53cb17f49cba7e651e9ce294d8497c8c150530ed11865bb8/iniconfig-2.3.0-py3-none-any.whl", hash = "sha256:f631c04d2c48c52b84d0d0549c99ff3859c98df65b3101406327ecc7d53fbf12", size = 7484, upload-time = "2025-10-18T21:55:41.639Z" },
]

[[package]]
name = "mock"
version = "5.2.0"
source = { registry = "https://pypi.org/simple" }
sdist = { url = "https://files.pythonhosted.org/packages/07/8c/14c2ae915e5f9dca5a22edd68b35be94400719ccfa068a03e0fb63d0f6f6/mock-5.2.0.tar.gz", hash = "sha256:4e460e818629b4b173f32d08bf30d3af8123afbb8e04bb5707a1fd4799e503f0", size = 92796, upload-time = "2025-03-03T12:31:42.911Z" }
wheels = [
    { url = "https://files.pythonhosted.org/packages/bd/d9/617e6af809bf3a1d468e0d58c3997b1dc219a9a9202e650d30c2fc85d481/mock-5.2.0-py3-none-any.whl", hash = "sha256:7ba87f72ca0e915175596069dbbcc7c75af7b5e9b9bc107ad6349ede0819982f", size = 31617, upload-time = "2025-03-03T12:31:41.518Z" },
]

[[package]]
name = "packaging"
version = "25.0"
source = { registry = "https://pypi.org/simple" }
sdist = { url = "https://files.pythonhosted.org/packages/a1/d4/1fc4078c65507b51b96ca8f8c3ba19e6a61c8253c72794544580a7b6c24d/packaging-25.0.tar.gz", hash = "sha256:d443872c98d677bf60f6a1f2f8c1cb748e8fe762d2bf9d3148b5599295b0fc4f", size = 165727, upload-time = "2025-04-19T11:48:59.673Z" }
wheels = [
    { url = "https://files.pythonhosted.org/packages/20/12/38679034af332785aac8774540895e234f4d07f7545804097de4b666afd8/packaging-25.0-py3-none-any.whl", hash = "sha256:29572ef2b1f17581046b3a2227d5c611fb25ec70ca1ba8554b24b0e69331a484", size = 66469, upload-time = "2025-04-19T11:48:57.875Z" },
]

[[package]]
name = "paho-mqtt"
version = "2.1.0"
source = { registry = "https://pypi.org/simple" }
sdist = { url = "https://files.pythonhosted.org/packages/39/15/0a6214e76d4d32e7f663b109cf71fb22561c2be0f701d67f93950cd40542/paho_mqtt-2.1.0.tar.gz", hash = "sha256:12d6e7511d4137555a3f6ea167ae846af2c7357b10bc6fa4f7c3968fc1723834", size = 148848, upload-time = "2024-04-29T19:52:55.591Z" }
wheels = [
    { url = "https://files.pythonhosted.org/packages/c4/cb/00451c3cf31790287768bb12c6bec834f5d292eaf3022afc88e14b8afc94/paho_mqtt-2.1.0-py3-none-any.whl", hash = "sha256:6db9ba9b34ed5bc6b6e3812718c7e06e2fd7444540df2455d2c51bd58808feee", size = 67219, upload-time = "2024-04-29T19:52:48.345Z" },
]

[[package]]
name = "pluggy"
version = "1.6.0"
source = { registry = "https://pypi.org/simple" }
sdist = { url = "https://files.pythonhosted.org/packages/f9/e2/3e91f31a7d2b083fe6ef3fa267035b518369d9511ffab804f839851d2779/pluggy-1.6.0.tar.gz", hash = "sha256:7dcc130b76258d33b90f61b658791dede3486c3e6bfb003ee5c9bfb396dd22f3", size = 69412, upload-time = "2025-05-15T12:30:07.975Z" }
wheels = [
    { url = "https://files.pythonhosted.org/packages/54/20/4d324d65cc6d9205fabedc306948156824eb9f0ee1633355a8f7ec5c66bf/pluggy-1.6.0-py3-none-any.whl", hash = "sha256:e920276dd6813095e9377c0bc5566d94c932c33b27a3e3945d8389c374dd4746", size = 20538, upload-time = "2025-05-15T12:30:06.134Z" },
]

[[package]]
name = "pyftdi"
version = "0.57.1"
source = { registry = "https://pypi.org/simple" }
dependencies = [
    { name = "pyserial" },
    { name = "pyusb" },
]
wheels = [
    { url = "https://files.pythonhosted.org/packages/16/cd/0731490946e037e954ef83719f07c7672cf32bc90dd9c75201c40b827664/pyftdi-0.57.1-py3-none-any.whl", hash = "sha256:efd3f5a7d43202dc883ff261a7b1cb4dcbbe65b19628f8603a8b1183a7bc2841", size = 146180, upload-time = "2025-08-14T15:59:16.164Z" },
]

[[package]]
name = "pygments"
version = "2.19.2"
source = { registry = "https://pypi.org/simple" }
sdist = { url = "https://files.pythonhosted.org/packages/b0/77/a5b8c569bf593b0140bde72ea885a803b82086995367bf2037de0159d924/pygments-2.19.2.tar.gz", hash = "sha256:636cb2477cec7f8952536970bc533bc43743542f70392ae026374600add5b887", size = 4968631, upload-time = "2025-06-21T13:39:12.283Z" }
wheels = [
    { url = "https://files.pythonhosted.org/packages/c7/21/705964c7812476f378728bdf590ca4b771ec72385c533964653c68e86bdc/pygments-2.19.2-py3-none-any.whl", hash = "sha256:86540386c03d588bb81d44bc3928634ff26449851e99741617ecb9037ee5ec0b", size = 1225217, upload-time = "2025-06-21T13:39:07.939Z" },
]

[[package]]
name = "pyserial"
version = "3.5"
source = { registry = "https://pypi.org/simple" }
sdist = { url = "https://files.pythonhosted.org/packages/1e/7d/ae3f0a63f41e4d2f6cb66a5b57197850f919f59e558159a4dd3a818f5082/pyserial-3.5.tar.gz", hash = "sha256:3c77e014170dfffbd816e6ffc205e9842efb10be9f58ec16d3e8675b4925cddb", size = 159125, upload-time = "2020-11-23T03:59:15.045Z" }
wheels = [
    { url = "https://files.pythonhosted.org/packages/07/bc/587a445451b253b285629263eb51c2d8e9bcea4fc97826266d186f96f558/pyserial-3.5-py2.py3-none-any.whl", hash = "sha256:c4451db6ba391ca6ca299fb3ec7bae67a5c55dde170964c7a14ceefec02f2cf0", size = 90585, upload-time = "2020-11-23T03:59:13.41Z" },
]

[[package]]
name = "pytest"
version = "9.0.2"
source = { registry = "https://pypi.org/simple" }
dependencies = [
    { name = "colorama", marker = "sys_platform == 'win32'" },
    { name = "iniconfig" },
    { name = "packaging" },
    { name = "pluggy" },
    { name = "pygments" },
]
sdist = { url = "https://files.pythonhosted.org/packages/d1/db/7ef3487e0fb0049ddb5ce41d3a49c235bf9ad299b6a25d5780a89f19230f/pytest-9.0.2.tar.gz", hash = "sha256:75186651a92bd89611d1d9fc20f0b4345fd827c41ccd5c299a868a05d70edf11", size = 1568901, upload-time = "2025-12-06T21:30:51.014Z" }
wheels = [
    { url = "https://files.pythonhosted.org/packages/3b/ab/b3226f0bd7cdcf710fbede2b3548584366da3b19b5021e74f5bde2a8fa3f/pytest-9.0.2-py3-none-any.whl", hash = "sha256:711ffd45bf766d5264d487b917733b453d917afd2b0ad65223959f59089f875b", size = 374801, upload-time = "2025-12-06T21:30:49.154Z" },
]

[[package]]
name = "pytest-cov"
version = "7.0.0"
source = { registry = "https://pypi.org/simple" }
dependencies = [
    { name = "coverage" },
    { name = "pluggy" },
    { name = "pytest" },
]
sdist = { url = "https://files.pythonhosted.org/packages/5e/f7/c933acc76f5208b3b00089573cf6a2bc26dc80a8aece8f52bb7d6b1855ca/pytest_cov-7.0.0.tar.gz", hash = "sha256:33c97eda2e049a0c5298e91f519302a1334c26ac65c1a483d6206fd458361af1", size = 54328, upload-time = "2025-09-09T10:57:02.113Z" }
wheels = [
    { url = "https://files.pythonhosted.org/packages/ee/49/1377b49de7d0c1ce41292161ea0f721913fa8722c19fb9c1e3aa0367eecb/pytest_cov-7.0.0-py3-none-any.whl", hash = "sha256:3b8e9558b16cc1479da72058bdecf8073661c7f57f7d3c5f22a1c23507f2d861", size = 22424, upload-time = "2025-09-09T10:57:00.695Z" },
]

[[package]]
name = "pytest-cover"
version = "3.0.0"
source = { registry = "https://pypi.org/simple" }
dependencies = [
    { name = "pytest-cov" },
]
sdist = { url = "https://files.pythonhosted.org/packages/30/27/20964101a7cdb260f8d6c4e854659026968321d10c90552b1fe7f6c5f913/pytest-cover-3.0.0.tar.gz", hash = "sha256:5bdb6c1cc3dd75583bb7bc2c57f5e1034a1bfcb79d27c71aceb0b16af981dbf4", size = 3211, upload-time = "2015-08-01T19:20:22.562Z" }
wheels = [
    { url = "https://files.pythonhosted.org/packages/71/9b/7b4700c462628e169bd859c6368d596a6aedc87936bde733bead9f875fce/pytest_cover-3.0.0-py2.py3-none-any.whl", hash = "sha256:578249955eb3b5f3991209df6e532bb770b647743b7392d3d97698dc02f39ebb", size = 3769, upload-time = "2015-08-01T19:20:18.534Z" },
]

[[package]]
name = "pyusb"
version = "1.3.1"
source = { registry = "https://pypi.org/simple" }
sdist = { url = "https://files.pythonhosted.org/packages/00/6b/ce3727395e52b7b76dfcf0c665e37d223b680b9becc60710d4bc08b7b7cb/pyusb-1.3.1.tar.gz", hash = "sha256:3af070b607467c1c164f49d5b0caabe8ac78dbed9298d703a8dbf9df4052d17e", size = 77281, upload-time = "2025-01-08T23:45:01.866Z" }
wheels = [
    { url = "https://files.pythonhosted.org/packages/28/b8/27e6312e86408a44fe16bd28ee12dd98608b39f7e7e57884a24e8f29b573/pyusb-1.3.1-py3-none-any.whl", hash = "sha256:bf9b754557af4717fe80c2b07cc2b923a9151f5c08d17bdb5345dac09d6a0430", size = 58465, upload-time = "2025-01-08T23:45:00.029Z" },
]

[[package]]
name = "requests"
version = "2.32.5"
source = { registry = "https://pypi.org/simple" }
dependencies = [
    { name = "certifi" },
    { name = "charset-normalizer" },
    { name = "idna" },
    { name = "urllib3" },
]
sdist = { url = "https://files.pythonhosted.org/packages/c9/74/b3ff8e6c8446842c3f5c837e9c3dfcfe2018ea6ecef224c710c85ef728f4/requests-2.32.5.tar.gz", hash = "sha256:dbba0bac56e100853db0ea71b82b4dfd5fe2bf6d3754a8893c3af500cec7d7cf", size = 134517, upload-time = "2025-08-18T20:46:02.573Z" }
wheels = [
    { url = "https://files.pythonhosted.org/packages/1e/db/4254e3eabe8020b458f1a747140d32277ec7a271daf1d235b70dc0b4e6e3/requests-2.32.5-py3-none-any.whl", hash = "sha256:2462f94637a34fd532264295e186976db0f5d453d1cdd31473c85a6a161affb6", size = 64738, upload-time = "2025-08-18T20:46:00.542Z" },
]

[[package]]
name = "semver"
version = "3.0.4"
source = { registry = "https://pypi.org/simple" }
sdist = { url = "https://files.pythonhosted.org/packages/72/d1/d3159231aec234a59dd7d601e9dd9fe96f3afff15efd33c1070019b26132/semver-3.0.4.tar.gz", hash = "sha256:afc7d8c584a5ed0a11033af086e8af226a9c0b206f313e0301f8dd7b6b589602", size = 269730, upload-time = "2025-01-24T13:19:27.617Z" }
wheels = [
    { url = "https://files.pythonhosted.org/packages/a6/24/4d91e05817e92e3a61c8a21e08fd0f390f5301f1c448b137c57c4bc6e543/semver-3.0.4-py3-none-any.whl", hash = "sha256:9c824d87ba7f7ab4a1890799cec8596f15c1241cb473404ea1cb0c55e4b04746", size = 17912, upload-time = "2025-01-24T13:19:24.949Z" },
]

[[package]]
name = "setuptools"
version = "80.9.0"
source = { registry = "https://pypi.org/simple" }
sdist = { url = "https://files.pythonhosted.org/packages/18/5d/3bf57dcd21979b887f014ea83c24ae194cfcd12b9e0fda66b957c69d1fca/setuptools-80.9.0.tar.gz", hash = "sha256:f36b47402ecde768dbfafc46e8e4207b4360c654f1f3bb84475f0a28628fb19c", size = 1319958, upload-time = "2025-05-27T00:56:51.443Z" }
wheels = [
    { url = "https://files.pythonhosted.org/packages/a3/dc/17031897dae0efacfea57dfd3a82fdd2a2aeb58e0ff71b77b87e44edc772/setuptools-80.9.0-py3-none-any.whl", hash = "sha256:062d34222ad13e0cc312a4c02d73f059e86a4acbfbdea8f8f76b28c99f306922", size = 1201486, upload-time = "2025-05-27T00:56:49.664Z" },
]

[[package]]
name = "spidev"
version = "3.8"
source = { registry = "https://pypi.org/simple" }
sdist = { url = "https://files.pythonhosted.org/packages/67/87/039b6eeea781598015b538691bc174cc0bf77df9d4d2d3b8bf9245c0de8c/spidev-3.8.tar.gz", hash = "sha256:2bc02fb8c6312d519ebf1f4331067427c0921d3f77b8bcaf05189a2e8b8382c0", size = 13893, upload-time = "2025-09-15T18:56:20.672Z" }

[[package]]
name = "sysv-ipc"
version = "1.1.0"
source = { registry = "https://pypi.org/simple" }
sdist = { url = "https://files.pythonhosted.org/packages/0c/d7/5d2f861155e9749f981e6c58f2a482d3ab458bf8c35ae24d4b4d5899ebf9/sysv_ipc-1.1.0.tar.gz", hash = "sha256:0f063cbd36ec232032e425769ebc871f195a7d183b9af32f9901589ea7129ac3", size = 99448, upload-time = "2021-01-17T19:07:44.217Z" }

[[package]]
name = "toml"
version = "0.10.2"
source = { registry = "https://pypi.org/simple" }
sdist = { url = "https://files.pythonhosted.org/packages/be/ba/1f744cdc819428fc6b5084ec34d9b30660f6f9daaf70eead706e3203ec3c/toml-0.10.2.tar.gz", hash = "sha256:b3bda1d108d5dd99f4a20d24d9c348e91c4db7ab1b749200bded2f839ccbe68f", size = 22253, upload-time = "2020-11-01T01:40:22.204Z" }
wheels = [
    { url = "https://files.pythonhosted.org/packages/44/6f/7120676b6d73228c96e17f1f794d8ab046fc910d781c8d151120c3f1569e/toml-0.10.2-py2.py3-none-any.whl", hash = "sha256:806143ae5bfb6a3c6e736a764057db0e6a0e05e338b5630894a5f779cabb4f9b", size = 16588, upload-time = "2020-11-01T01:40:20.672Z" },
]

[[package]]
name = "typing-extensions"
version = "4.15.0"
source = { registry = "https://pypi.org/simple" }
sdist = { url = "https://files.pythonhosted.org/packages/72/94/1a15dd82efb362ac84269196e94cf00f187f7ed21c242792a923cdb1c61f/typing_extensions-4.15.0.tar.gz", hash = "sha256:0cea48d173cc12fa28ecabc3b837ea3cf6f38c6d1136f85cbaaf598984861466", size = 109391, upload-time = "2025-08-25T13:49:26.313Z" }
wheels = [
    { url = "https://files.pythonhosted.org/packages/18/67/36e9267722cc04a6b9f15c7f3441c2363321a3ea07da7ae0c0707beb2a9c/typing_extensions-4.15.0-py3-none-any.whl", hash = "sha256:f0fa19c6845758ab08074a0cfa8b7aecb71c999ca73d62883bc25cc018c4e548", size = 44614, upload-time = "2025-08-25T13:49:24.86Z" },
]

[[package]]
name = "update-checker"
version = "0.18.0"
source = { registry = "https://pypi.org/simple" }
dependencies = [
    { name = "requests" },
]
sdist = { url = "https://files.pythonhosted.org/packages/5c/0b/1bec4a6cc60d33ce93d11a7bcf1aeffc7ad0aa114986073411be31395c6f/update_checker-0.18.0.tar.gz", hash = "sha256:6a2d45bb4ac585884a6b03f9eade9161cedd9e8111545141e9aa9058932acb13", size = 6699, upload-time = "2020-08-04T07:08:50.429Z" }
wheels = [
    { url = "https://files.pythonhosted.org/packages/0c/ba/8dd7fa5f0b1c6a8ac62f8f57f7e794160c1f86f31c6d0fb00f582372a3e4/update_checker-0.18.0-py3-none-any.whl", hash = "sha256:cbba64760a36fe2640d80d85306e8fe82b6816659190993b7bdabadee4d4bbfd", size = 7008, upload-time = "2020-08-04T07:08:49.51Z" },
]

[[package]]
name = "urllib3"
version = "2.6.2"
source = { registry = "https://pypi.org/simple" }
sdist = { url = "https://files.pythonhosted.org/packages/1e/24/a2a2ed9addd907787d7aa0355ba36a6cadf1768b934c652ea78acbd59dcd/urllib3-2.6.2.tar.gz", hash = "sha256:016f9c98bb7e98085cb2b4b17b87d2c702975664e4f060c6532e64d1c1a5e797", size = 432930, upload-time = "2025-12-11T15:56:40.252Z" }
wheels = [
    { url = "https://files.pythonhosted.org/packages/6d/b9/4095b668ea3678bf6a0af005527f39de12fb026516fb3df17495a733b7f8/urllib3-2.6.2-py3-none-any.whl", hash = "sha256:ec21cddfe7724fc7cb4ba4bea7aa8e2ef36f607a4bab81aa6ce42a13dc3f03dd", size = 131182, upload-time = "2025-12-11T15:56:38.584Z" },
]
